// !$*UTF8*$!
{
	archiveVersion = 1;
	classes = {
	};
	objectVersion = 54;
	objects = {

/* Begin PBXBuildFile section */
		241AA0D920F0A6520096FF74 /* AppDelegate.swift in Sources */ = {isa = PBXBuildFile; fileRef = 241AA0D820F0A6520096FF74 /* AppDelegate.swift */; };
		241AA0DB20F0A6520096FF74 /* SWMoviesViewController.swift in Sources */ = {isa = PBXBuildFile; fileRef = 241AA0DA20F0A6520096FF74 /* SWMoviesViewController.swift */; };
		241AA0DE20F0A6520096FF74 /* Main.storyboard in Resources */ = {isa = PBXBuildFile; fileRef = 241AA0DC20F0A6520096FF74 /* Main.storyboard */; };
		241AA0E020F0A6540096FF74 /* Assets.xcassets in Resources */ = {isa = PBXBuildFile; fileRef = 241AA0DF20F0A6540096FF74 /* Assets.xcassets */; };
		241AA0E320F0A6540096FF74 /* LaunchScreen.storyboard in Resources */ = {isa = PBXBuildFile; fileRef = 241AA0E120F0A6540096FF74 /* LaunchScreen.storyboard */; };
		247F17F220F2624700962261 /* SWPlanet.swift in Sources */ = {isa = PBXBuildFile; fileRef = 247F17F120F2624700962261 /* SWPlanet.swift */; };
		247F17F420F26A0F00962261 /* SWSpecies.swift in Sources */ = {isa = PBXBuildFile; fileRef = 247F17F320F26A0F00962261 /* SWSpecies.swift */; };
		247F17F620F2738900962261 /* SWPlanetViewController.swift in Sources */ = {isa = PBXBuildFile; fileRef = 247F17F520F2738900962261 /* SWPlanetViewController.swift */; };
		247F17F820F273B700962261 /* SWCharacterInfoViewController.swift in Sources */ = {isa = PBXBuildFile; fileRef = 247F17F720F273B700962261 /* SWCharacterInfoViewController.swift */; };
		24D8011320F0B71600F3A69E /* SWSwapiManager.swift in Sources */ = {isa = PBXBuildFile; fileRef = 24D8011220F0B71600F3A69E /* SWSwapiManager.swift */; };
		24D8011520F0B77C00F3A69E /* SWMovie.swift in Sources */ = {isa = PBXBuildFile; fileRef = 24D8011420F0B77B00F3A69E /* SWMovie.swift */; };
		24D8011720F0B7AC00F3A69E /* SWCharacter.swift in Sources */ = {isa = PBXBuildFile; fileRef = 24D8011620F0B7AC00F3A69E /* SWCharacter.swift */; };
		24D8011920F0B7FD00F3A69E /* SWCharactersViewController.swift in Sources */ = {isa = PBXBuildFile; fileRef = 24D8011820F0B7FD00F3A69E /* SWCharactersViewController.swift */; };
		24D8011B20F0B88600F3A69E /* SWMovieInfoViewController.swift in Sources */ = {isa = PBXBuildFile; fileRef = 24D8011A20F0B88600F3A69E /* SWMovieInfoViewController.swift */; };
		E1ED60F35AD4951314A27AE7 /* Pods_StarWarsWorld.framework in Frameworks */ = {isa = PBXBuildFile; fileRef = BD98F9CAFA4F7672A6E08C2A /* Pods_StarWarsWorld.framework */; };
/* End PBXBuildFile section */

/* Begin PBXFileReference section */
		241AA0D520F0A6520096FF74 /* StarWarsWorld.app */ = {isa = PBXFileReference; explicitFileType = wrapper.application; includeInIndex = 0; path = StarWarsWorld.app; sourceTree = BUILT_PRODUCTS_DIR; };
		241AA0D820F0A6520096FF74 /* AppDelegate.swift */ = {isa = PBXFileReference; lastKnownFileType = sourcecode.swift; path = AppDelegate.swift; sourceTree = "<group>"; };
		241AA0DA20F0A6520096FF74 /* SWMoviesViewController.swift */ = {isa = PBXFileReference; lastKnownFileType = sourcecode.swift; path = SWMoviesViewController.swift; sourceTree = "<group>"; };
		241AA0DD20F0A6520096FF74 /* Base */ = {isa = PBXFileReference; lastKnownFileType = file.storyboard; name = Base; path = Base.lproj/Main.storyboard; sourceTree = "<group>"; };
		241AA0DF20F0A6540096FF74 /* Assets.xcassets */ = {isa = PBXFileReference; lastKnownFileType = folder.assetcatalog; path = Assets.xcassets; sourceTree = "<group>"; };
		241AA0E220F0A6540096FF74 /* Base */ = {isa = PBXFileReference; lastKnownFileType = file.storyboard; name = Base; path = Base.lproj/LaunchScreen.storyboard; sourceTree = "<group>"; };
		241AA0E420F0A6540096FF74 /* Info.plist */ = {isa = PBXFileReference; lastKnownFileType = text.plist.xml; path = Info.plist; sourceTree = "<group>"; };
		247F17F120F2624700962261 /* SWPlanet.swift */ = {isa = PBXFileReference; lastKnownFileType = sourcecode.swift; path = SWPlanet.swift; sourceTree = "<group>"; };
		247F17F320F26A0F00962261 /* SWSpecies.swift */ = {isa = PBXFileReference; lastKnownFileType = sourcecode.swift; path = SWSpecies.swift; sourceTree = "<group>"; };
		247F17F520F2738900962261 /* SWPlanetViewController.swift */ = {isa = PBXFileReference; lastKnownFileType = sourcecode.swift; path = SWPlanetViewController.swift; sourceTree = "<group>"; };
		247F17F720F273B700962261 /* SWCharacterInfoViewController.swift */ = {isa = PBXFileReference; lastKnownFileType = sourcecode.swift; path = SWCharacterInfoViewController.swift; sourceTree = "<group>"; };
		24D8011220F0B71600F3A69E /* SWSwapiManager.swift */ = {isa = PBXFileReference; lastKnownFileType = sourcecode.swift; path = SWSwapiManager.swift; sourceTree = "<group>"; };
		24D8011420F0B77B00F3A69E /* SWMovie.swift */ = {isa = PBXFileReference; lastKnownFileType = sourcecode.swift; path = SWMovie.swift; sourceTree = "<group>"; };
		24D8011620F0B7AC00F3A69E /* SWCharacter.swift */ = {isa = PBXFileReference; lastKnownFileType = sourcecode.swift; path = SWCharacter.swift; sourceTree = "<group>"; };
		24D8011820F0B7FD00F3A69E /* SWCharactersViewController.swift */ = {isa = PBXFileReference; lastKnownFileType = sourcecode.swift; path = SWCharactersViewController.swift; sourceTree = "<group>"; };
		24D8011A20F0B88600F3A69E /* SWMovieInfoViewController.swift */ = {isa = PBXFileReference; lastKnownFileType = sourcecode.swift; path = SWMovieInfoViewController.swift; sourceTree = "<group>"; };
		338054A849E509992EC27D14 /* Pods-StarWarsWorld.release.xcconfig */ = {isa = PBXFileReference; includeInIndex = 1; lastKnownFileType = text.xcconfig; name = "Pods-StarWarsWorld.release.xcconfig"; path = "Target Support Files/Pods-StarWarsWorld/Pods-StarWarsWorld.release.xcconfig"; sourceTree = "<group>"; };
		92581FEC862F66606C6FCEF0 /* Pods-StarWarsWorld.debug.xcconfig */ = {isa = PBXFileReference; includeInIndex = 1; lastKnownFileType = text.xcconfig; name = "Pods-StarWarsWorld.debug.xcconfig"; path = "Target Support Files/Pods-StarWarsWorld/Pods-StarWarsWorld.debug.xcconfig"; sourceTree = "<group>"; };
		BD98F9CAFA4F7672A6E08C2A /* Pods_StarWarsWorld.framework */ = {isa = PBXFileReference; explicitFileType = wrapper.framework; includeInIndex = 0; path = Pods_StarWarsWorld.framework; sourceTree = BUILT_PRODUCTS_DIR; };
/* End PBXFileReference section */

/* Begin PBXFrameworksBuildPhase section */
		241AA0D220F0A6520096FF74 /* Frameworks */ = {
			isa = PBXFrameworksBuildPhase;
			buildActionMask = 2147483647;
			files = (
				E1ED60F35AD4951314A27AE7 /* Pods_StarWarsWorld.framework in Frameworks */,
			);
			runOnlyForDeploymentPostprocessing = 0;
		};
/* End PBXFrameworksBuildPhase section */

/* Begin PBXGroup section */
		241AA0CC20F0A6520096FF74 = {
			isa = PBXGroup;
			children = (
				241AA0D720F0A6520096FF74 /* StarWarsWorld */,
				241AA0D620F0A6520096FF74 /* Products */,
				A22285603987096BA8F75862 /* Pods */,
				79882EAAFB2AFD8F629F604F /* Frameworks */,
			);
			sourceTree = "<group>";
		};
		241AA0D620F0A6520096FF74 /* Products */ = {
			isa = PBXGroup;
			children = (
				241AA0D520F0A6520096FF74 /* StarWarsWorld.app */,
			);
			name = Products;
			sourceTree = "<group>";
		};
		241AA0D720F0A6520096FF74 /* StarWarsWorld */ = {
			isa = PBXGroup;
			children = (
				247F17F020F22A7A00962261 /* Managers */,
				241AA0EC20F0A6920096FF74 /* Model */,
				241AA0EA20F0A66A0096FF74 /* Controllers */,
				241AA0EB20F0A6810096FF74 /* Views */,
				241AA0DF20F0A6540096FF74 /* Assets.xcassets */,
				241AA0D820F0A6520096FF74 /* AppDelegate.swift */,
				241AA0E120F0A6540096FF74 /* LaunchScreen.storyboard */,
				241AA0E420F0A6540096FF74 /* Info.plist */,
			);
			path = StarWarsWorld;
			sourceTree = "<group>";
		};
		241AA0EA20F0A66A0096FF74 /* Controllers */ = {
			isa = PBXGroup;
			children = (
				241AA0DA20F0A6520096FF74 /* SWMoviesViewController.swift */,
				24D8011A20F0B88600F3A69E /* SWMovieInfoViewController.swift */,
				24D8011820F0B7FD00F3A69E /* SWCharactersViewController.swift */,
				247F17F720F273B700962261 /* SWCharacterInfoViewController.swift */,
				247F17F520F2738900962261 /* SWPlanetViewController.swift */,
			);
			path = Controllers;
			sourceTree = "<group>";
		};
		241AA0EB20F0A6810096FF74 /* Views */ = {
			isa = PBXGroup;
			children = (
				241AA0DC20F0A6520096FF74 /* Main.storyboard */,
			);
			path = Views;
			sourceTree = "<group>";
		};
		241AA0EC20F0A6920096FF74 /* Model */ = {
			isa = PBXGroup;
			children = (
				24D8011420F0B77B00F3A69E /* SWMovie.swift */,
				24D8011620F0B7AC00F3A69E /* SWCharacter.swift */,
				247F17F120F2624700962261 /* SWPlanet.swift */,
				247F17F320F26A0F00962261 /* SWSpecies.swift */,
			);
			path = Model;
			sourceTree = "<group>";
		};
		247F17F020F22A7A00962261 /* Managers */ = {
			isa = PBXGroup;
			children = (
				24D8011220F0B71600F3A69E /* SWSwapiManager.swift */,
			);
			path = Managers;
			sourceTree = "<group>";
		};
		79882EAAFB2AFD8F629F604F /* Frameworks */ = {
			isa = PBXGroup;
			children = (
				BD98F9CAFA4F7672A6E08C2A /* Pods_StarWarsWorld.framework */,
			);
			name = Frameworks;
			sourceTree = "<group>";
		};
		A22285603987096BA8F75862 /* Pods */ = {
			isa = PBXGroup;
			children = (
				92581FEC862F66606C6FCEF0 /* Pods-StarWarsWorld.debug.xcconfig */,
				338054A849E509992EC27D14 /* Pods-StarWarsWorld.release.xcconfig */,
			);
			name = Pods;
			path = Pods;
			sourceTree = "<group>";
		};
/* End PBXGroup section */

/* Begin PBXNativeTarget section */
		241AA0D420F0A6520096FF74 /* StarWarsWorld */ = {
			isa = PBXNativeTarget;
			buildConfigurationList = 241AA0E720F0A6540096FF74 /* Build configuration list for PBXNativeTarget "StarWarsWorld" */;
			buildPhases = (
				8CDA7E5D299E85F85356384D /* [CP] Check Pods Manifest.lock */,
				241AA0D120F0A6520096FF74 /* Sources */,
				241AA0D220F0A6520096FF74 /* Frameworks */,
				241AA0D320F0A6520096FF74 /* Resources */,
				B184D75504AEDDA55A2D2AC5 /* [CP] Embed Pods Frameworks */,
			);
			buildRules = (
			);
			dependencies = (
			);
			name = StarWarsWorld;
			productName = StarWarsWorld;
			productReference = 241AA0D520F0A6520096FF74 /* StarWarsWorld.app */;
			productType = "com.apple.product-type.application";
		};
/* End PBXNativeTarget section */

/* Begin PBXProject section */
		241AA0CD20F0A6520096FF74 /* Project object */ = {
			isa = PBXProject;
			attributes = {
				LastSwiftUpdateCheck = 0940;
				LastUpgradeCheck = 0940;
				ORGANIZATIONNAME = "мак";
				TargetAttributes = {
					241AA0D420F0A6520096FF74 = {
						CreatedOnToolsVersion = 9.4.1;
					};
				};
			};
			buildConfigurationList = 241AA0D020F0A6520096FF74 /* Build configuration list for PBXProject "StarWarsWorld" */;
			compatibilityVersion = "Xcode 9.3";
			developmentRegion = en;
			hasScannedForEncodings = 0;
			knownRegions = (
				en,
				Base,
			);
			mainGroup = 241AA0CC20F0A6520096FF74;
			productRefGroup = 241AA0D620F0A6520096FF74 /* Products */;
			projectDirPath = "";
			projectRoot = "";
			targets = (
				241AA0D420F0A6520096FF74 /* StarWarsWorld */,
			);
		};
/* End PBXProject section */

/* Begin PBXResourcesBuildPhase section */
		241AA0D320F0A6520096FF74 /* Resources */ = {
			isa = PBXResourcesBuildPhase;
			buildActionMask = 2147483647;
			files = (
				241AA0E320F0A6540096FF74 /* LaunchScreen.storyboard in Resources */,
				241AA0E020F0A6540096FF74 /* Assets.xcassets in Resources */,
				241AA0DE20F0A6520096FF74 /* Main.storyboard in Resources */,
			);
			runOnlyForDeploymentPostprocessing = 0;
		};
/* End PBXResourcesBuildPhase section */

/* Begin PBXShellScriptBuildPhase section */
		8CDA7E5D299E85F85356384D /* [CP] Check Pods Manifest.lock */ = {
			isa = PBXShellScriptBuildPhase;
			buildActionMask = 2147483647;
			files = (
			);
			inputFileListPaths = (
			);
			inputPaths = (
				"${PODS_PODFILE_DIR_PATH}/Podfile.lock",
				"${PODS_ROOT}/Manifest.lock",
			);
			name = "[CP] Check Pods Manifest.lock";
			outputFileListPaths = (
			);
			outputPaths = (
				"$(DERIVED_FILE_DIR)/Pods-StarWarsWorld-checkManifestLockResult.txt",
			);
			runOnlyForDeploymentPostprocessing = 0;
			shellPath = /bin/sh;
			shellScript = "diff \"${PODS_PODFILE_DIR_PATH}/Podfile.lock\" \"${PODS_ROOT}/Manifest.lock\" > /dev/null\nif [ $? != 0 ] ; then\n    # print error to STDERR\n    echo \"error: The sandbox is not in sync with the Podfile.lock. Run 'pod install' or update your CocoaPods installation.\" >&2\n    exit 1\nfi\n# This output is used by Xcode 'outputs' to avoid re-running this script phase.\necho \"SUCCESS\" > \"${SCRIPT_OUTPUT_FILE_0}\"\n";
			showEnvVarsInLog = 0;
		};
		B184D75504AEDDA55A2D2AC5 /* [CP] Embed Pods Frameworks */ = {
			isa = PBXShellScriptBuildPhase;
			buildActionMask = 2147483647;
			files = (
			);
			inputFileListPaths = (
				"${PODS_ROOT}/Target Support Files/Pods-StarWarsWorld/Pods-StarWarsWorld-frameworks-${CONFIGURATION}-input-files.xcfilelist",
			);
			name = "[CP] Embed Pods Frameworks";
			outputFileListPaths = (
				"${PODS_ROOT}/Target Support Files/Pods-StarWarsWorld/Pods-StarWarsWorld-frameworks-${CONFIGURATION}-output-files.xcfilelist",
			);
			runOnlyForDeploymentPostprocessing = 0;
			shellPath = /bin/sh;
			shellScript = "\"${PODS_ROOT}/Target Support Files/Pods-StarWarsWorld/Pods-StarWarsWorld-frameworks.sh\"\n";
			showEnvVarsInLog = 0;
		};
/* End PBXShellScriptBuildPhase section */

/* Begin PBXSourcesBuildPhase section */
		241AA0D120F0A6520096FF74 /* Sources */ = {
			isa = PBXSourcesBuildPhase;
			buildActionMask = 2147483647;
			files = (
				24D8011920F0B7FD00F3A69E /* SWCharactersViewController.swift in Sources */,
				24D8011520F0B77C00F3A69E /* SWMovie.swift in Sources */,
				241AA0DB20F0A6520096FF74 /* SWMoviesViewController.swift in Sources */,
				247F17F420F26A0F00962261 /* SWSpecies.swift in Sources */,
				247F17F620F2738900962261 /* SWPlanetViewController.swift in Sources */,
				247F17F820F273B700962261 /* SWCharacterInfoViewController.swift in Sources */,
				24D8011B20F0B88600F3A69E /* SWMovieInfoViewController.swift in Sources */,
				24D8011720F0B7AC00F3A69E /* SWCharacter.swift in Sources */,
				241AA0D920F0A6520096FF74 /* AppDelegate.swift in Sources */,
				24D8011320F0B71600F3A69E /* SWSwapiManager.swift in Sources */,
				247F17F220F2624700962261 /* SWPlanet.swift in Sources */,
			);
			runOnlyForDeploymentPostprocessing = 0;
		};
/* End PBXSourcesBuildPhase section */

/* Begin PBXVariantGroup section */
		241AA0DC20F0A6520096FF74 /* Main.storyboard */ = {
			isa = PBXVariantGroup;
			children = (
				241AA0DD20F0A6520096FF74 /* Base */,
			);
			name = Main.storyboard;
			sourceTree = "<group>";
		};
		241AA0E120F0A6540096FF74 /* LaunchScreen.storyboard */ = {
			isa = PBXVariantGroup;
			children = (
				241AA0E220F0A6540096FF74 /* Base */,
			);
			name = LaunchScreen.storyboard;
			sourceTree = "<group>";
		};
/* End PBXVariantGroup section */

/* Begin XCBuildConfiguration section */
		241AA0E520F0A6540096FF74 /* Debug */ = {
			isa = XCBuildConfiguration;
			buildSettings = {
				ALWAYS_SEARCH_USER_PATHS = NO;
				CLANG_ANALYZER_NONNULL = YES;
				CLANG_ANALYZER_NUMBER_OBJECT_CONVERSION = YES_AGGRESSIVE;
				CLANG_CXX_LANGUAGE_STANDARD = "gnu++14";
				CLANG_CXX_LIBRARY = "libc++";
				CLANG_ENABLE_MODULES = YES;
				CLANG_ENABLE_OBJC_ARC = YES;
				CLANG_ENABLE_OBJC_WEAK = YES;
				CLANG_WARN_BLOCK_CAPTURE_AUTORELEASING = YES;
				CLANG_WARN_BOOL_CONVERSION = YES;
				CLANG_WARN_COMMA = YES;
				CLANG_WARN_CONSTANT_CONVERSION = YES;
				CLANG_WARN_DEPRECATED_OBJC_IMPLEMENTATIONS = YES;
				CLANG_WARN_DIRECT_OBJC_ISA_USAGE = YES_ERROR;
				CLANG_WARN_DOCUMENTATION_COMMENTS = YES;
				CLANG_WARN_EMPTY_BODY = YES;
				CLANG_WARN_ENUM_CONVERSION = YES;
				CLANG_WARN_INFINITE_RECURSION = YES;
				CLANG_WARN_INT_CONVERSION = YES;
				CLANG_WARN_NON_LITERAL_NULL_CONVERSION = YES;
				CLANG_WARN_OBJC_IMPLICIT_RETAIN_SELF = YES;
				CLANG_WARN_OBJC_LITERAL_CONVERSION = YES;
				CLANG_WARN_OBJC_ROOT_CLASS = YES_ERROR;
				CLANG_WARN_RANGE_LOOP_ANALYSIS = YES;
				CLANG_WARN_STRICT_PROTOTYPES = YES;
				CLANG_WARN_SUSPICIOUS_MOVE = YES;
				CLANG_WARN_UNGUARDED_AVAILABILITY = YES_AGGRESSIVE;
				CLANG_WARN_UNREACHABLE_CODE = YES;
				CLANG_WARN__DUPLICATE_METHOD_MATCH = YES;
				CODE_SIGN_IDENTITY = "iPhone Developer";
				COPY_PHASE_STRIP = NO;
				DEBUG_INFORMATION_FORMAT = dwarf;
				ENABLE_STRICT_OBJC_MSGSEND = YES;
				ENABLE_TESTABILITY = YES;
				GCC_C_LANGUAGE_STANDARD = gnu11;
				GCC_DYNAMIC_NO_PIC = NO;
				GCC_NO_COMMON_BLOCKS = YES;
				GCC_OPTIMIZATION_LEVEL = 0;
				GCC_PREPROCESSOR_DEFINITIONS = (
					"DEBUG=1",
					"$(inherited)",
				);
				GCC_WARN_64_TO_32_BIT_CONVERSION = YES;
				GCC_WARN_ABOUT_RETURN_TYPE = YES_ERROR;
				GCC_WARN_UNDECLARED_SELECTOR = YES;
				GCC_WARN_UNINITIALIZED_AUTOS = YES_AGGRESSIVE;
				GCC_WARN_UNUSED_FUNCTION = YES;
				GCC_WARN_UNUSED_VARIABLE = YES;
				IPHONEOS_DEPLOYMENT_TARGET = 11.4;
				MTL_ENABLE_DEBUG_INFO = YES;
				ONLY_ACTIVE_ARCH = YES;
				SDKROOT = iphoneos;
				SWIFT_ACTIVE_COMPILATION_CONDITIONS = DEBUG;
				SWIFT_OPTIMIZATION_LEVEL = "-Onone";
			};
			name = Debug;
		};
		241AA0E620F0A6540096FF74 /* Release */ = {
			isa = XCBuildConfiguration;
			buildSettings = {
				ALWAYS_SEARCH_USER_PATHS = NO;
				CLANG_ANALYZER_NONNULL = YES;
				CLANG_ANALYZER_NUMBER_OBJECT_CONVERSION = YES_AGGRESSIVE;
				CLANG_CXX_LANGUAGE_STANDARD = "gnu++14";
				CLANG_CXX_LIBRARY = "libc++";
				CLANG_ENABLE_MODULES = YES;
				CLANG_ENABLE_OBJC_ARC = YES;
				CLANG_ENABLE_OBJC_WEAK = YES;
				CLANG_WARN_BLOCK_CAPTURE_AUTORELEASING = YES;
				CLANG_WARN_BOOL_CONVERSION = YES;
				CLANG_WARN_COMMA = YES;
				CLANG_WARN_CONSTANT_CONVERSION = YES;
				CLANG_WARN_DEPRECATED_OBJC_IMPLEMENTATIONS = YES;
				CLANG_WARN_DIRECT_OBJC_ISA_USAGE = YES_ERROR;
				CLANG_WARN_DOCUMENTATION_COMMENTS = YES;
				CLANG_WARN_EMPTY_BODY = YES;
				CLANG_WARN_ENUM_CONVERSION = YES;
				CLANG_WARN_INFINITE_RECURSION = YES;
				CLANG_WARN_INT_CONVERSION = YES;
				CLANG_WARN_NON_LITERAL_NULL_CONVERSION = YES;
				CLANG_WARN_OBJC_IMPLICIT_RETAIN_SELF = YES;
				CLANG_WARN_OBJC_LITERAL_CONVERSION = YES;
				CLANG_WARN_OBJC_ROOT_CLASS = YES_ERROR;
				CLANG_WARN_RANGE_LOOP_ANALYSIS = YES;
				CLANG_WARN_STRICT_PROTOTYPES = YES;
				CLANG_WARN_SUSPICIOUS_MOVE = YES;
				CLANG_WARN_UNGUARDED_AVAILABILITY = YES_AGGRESSIVE;
				CLANG_WARN_UNREACHABLE_CODE = YES;
				CLANG_WARN__DUPLICATE_METHOD_MATCH = YES;
				CODE_SIGN_IDENTITY = "iPhone Developer";
				COPY_PHASE_STRIP = NO;
				DEBUG_INFORMATION_FORMAT = "dwarf-with-dsym";
				ENABLE_NS_ASSERTIONS = NO;
				ENABLE_STRICT_OBJC_MSGSEND = YES;
				GCC_C_LANGUAGE_STANDARD = gnu11;
				GCC_NO_COMMON_BLOCKS = YES;
				GCC_WARN_64_TO_32_BIT_CONVERSION = YES;
				GCC_WARN_ABOUT_RETURN_TYPE = YES_ERROR;
				GCC_WARN_UNDECLARED_SELECTOR = YES;
				GCC_WARN_UNINITIALIZED_AUTOS = YES_AGGRESSIVE;
				GCC_WARN_UNUSED_FUNCTION = YES;
				GCC_WARN_UNUSED_VARIABLE = YES;
				IPHONEOS_DEPLOYMENT_TARGET = 11.4;
				MTL_ENABLE_DEBUG_INFO = NO;
				SDKROOT = iphoneos;
				SWIFT_COMPILATION_MODE = wholemodule;
				SWIFT_OPTIMIZATION_LEVEL = "-O";
				VALIDATE_PRODUCT = YES;
			};
			name = Release;
		};
		241AA0E820F0A6540096FF74 /* Debug */ = {
			isa = XCBuildConfiguration;
			baseConfigurationReference = 92581FEC862F66606C6FCEF0 /* Pods-StarWarsWorld.debug.xcconfig */;
			buildSettings = {
				ASSETCATALOG_COMPILER_APPICON_NAME = AppIcon;
				CODE_SIGN_STYLE = Automatic;
				DEVELOPMENT_TEAM = PKQ4L2BS3S;
				"EXCLUDED_ARCHS[sdk=iphonesimulator*]" = arm64;
				INFOPLIST_FILE = StarWarsWorld/Info.plist;
				IPHONEOS_DEPLOYMENT_TARGET = 16.0;
				LD_RUNPATH_SEARCH_PATHS = (
					"$(inherited)",
					"@executable_path/Frameworks",
				);
				PRODUCT_BUNDLE_IDENTIFIER = com.nadzeyasavitskaya.StarWarsWorld;
				PRODUCT_NAME = "$(TARGET_NAME)";
				SWIFT_VERSION = 4.0;
				TARGETED_DEVICE_FAMILY = 1;
			};
			name = Debug;
		};
		241AA0E920F0A6540096FF74 /* Release */ = {
			isa = XCBuildConfiguration;
			baseConfigurationReference = 338054A849E509992EC27D14 /* Pods-StarWarsWorld.release.xcconfig */;
			buildSettings = {
				ASSETCATALOG_COMPILER_APPICON_NAME = AppIcon;
				CODE_SIGN_STYLE = Automatic;
				DEVELOPMENT_TEAM = PKQ4L2BS3S;
				INFOPLIST_FILE = StarWarsWorld/Info.plist;
				IPHONEOS_DEPLOYMENT_TARGET = 16.0;
				LD_RUNPATH_SEARCH_PATHS = (
					"$(inherited)",
					"@executable_path/Frameworks",
				);
				PRODUCT_BUNDLE_IDENTIFIER = com.nadzeyasavitskaya.StarWarsWorld;
				PRODUCT_NAME = "$(TARGET_NAME)";
				SWIFT_VERSION = 4.0;
				TARGETED_DEVICE_FAMILY = 1;
			};
			name = Release;
		};
/* End XCBuildConfiguration section */

/* Begin XCConfigurationList section */
		241AA0D020F0A6520096FF74 /* Build configuration list for PBXProject "StarWarsWorld" */ = {
			isa = XCConfigurationList;
			buildConfigurations = (
				241AA0E520F0A6540096FF74 /* Debug */,
				241AA0E620F0A6540096FF74 /* Release */,
			);
			defaultConfigurationIsVisible = 0;
			defaultConfigurationName = Release;
		};
		241AA0E720F0A6540096FF74 /* Build configuration list for PBXNativeTarget "StarWarsWorld" */ = {
			isa = XCConfigurationList;
			buildConfigurations = (
				241AA0E820F0A6540096FF74 /* Debug */,
				241AA0E920F0A6540096FF74 /* Release */,
			);
			defaultConfigurationIsVisible = 0;
			defaultConfigurationName = Release;
		};
/* End XCConfigurationList section */
	};
	rootObject = 241AA0CD20F0A6520096FF74 /* Project object */;
}
